// !$*UTF8*$!
{
	archiveVersion = 1;
	classes = {
	};
	objectVersion = 46;
	objects = {

/* Begin PBXBuildFile section */
		C98D360D1A330B9A00D8B190 /* main.cpp in Sources */ = {isa = PBXBuildFile; fileRef = C98D360C1A330B9A00D8B190 /* main.cpp */; };
		C98D360F1A330B9A00D8B190 /* noise_video.1 in CopyFiles */ = {isa = PBXBuildFile; fileRef = C98D360E1A330B9A00D8B190 /* noise_video.1 */; };
/* End PBXBuildFile section */

/* Begin PBXCopyFilesBuildPhase section */
		C98D36071A330B9A00D8B190 /* CopyFiles */ = {
			isa = PBXCopyFilesBuildPhase;
			buildActionMask = 2147483647;
			dstPath = /usr/share/man/man1/;
			dstSubfolderSpec = 0;
			files = (
				C98D360F1A330B9A00D8B190 /* noise_video.1 in CopyFiles */,
			);
			runOnlyForDeploymentPostprocessing = 1;
		};
/* End PBXCopyFilesBuildPhase section */

/* Begin PBXFileReference section */
		C98D36091A330B9A00D8B190 /* noise_video */ = {isa = PBXFileReference; explicitFileType = "compiled.mach-o.executable"; includeInIndex = 0; path = noise_video; sourceTree = BUILT_PRODUCTS_DIR; };
		C98D360C1A330B9A00D8B190 /* main.cpp */ = {isa = PBXFileReference; lastKnownFileType = sourcecode.cpp.cpp; path = main.cpp; sourceTree = "<group>"; };
		C98D360E1A330B9A00D8B190 /* noise_video.1 */ = {isa = PBXFileReference; lastKnownFileType = text.man; path = noise_video.1; sourceTree = "<group>"; };
/* End PBXFileReference section */

/* Begin PBXFrameworksBuildPhase section */
		C98D36061A330B9A00D8B190 /* Frameworks */ = {
			isa = PBXFrameworksBuildPhase;
			buildActionMask = 2147483647;
			files = (
			);
			runOnlyForDeploymentPostprocessing = 0;
		};
/* End PBXFrameworksBuildPhase section */

/* Begin PBXGroup section */
		C98D36001A330B9A00D8B190 = {
			isa = PBXGroup;
			children = (
				C98D360B1A330B9A00D8B190 /* noise_video */,
				C98D360A1A330B9A00D8B190 /* Products */,
			);
			sourceTree = "<group>";
		};
		C98D360A1A330B9A00D8B190 /* Products */ = {
			isa = PBXGroup;
			children = (
				C98D36091A330B9A00D8B190 /* noise_video */,
			);
			name = Products;
			sourceTree = "<group>";
		};
		C98D360B1A330B9A00D8B190 /* noise_video */ = {
			isa = PBXGroup;
			children = (
				C98D360C1A330B9A00D8B190 /* main.cpp */,
				C98D360E1A330B9A00D8B190 /* noise_video.1 */,
			);
			path = noise_video;
			sourceTree = "<group>";
		};
/* End PBXGroup section */

/* Begin PBXNativeTarget section */
		C98D36081A330B9A00D8B190 /* noise_video */ = {
			isa = PBXNativeTarget;
			buildConfigurationList = C98D36121A330B9A00D8B190 /* Build configuration list for PBXNativeTarget "noise_video" */;
			buildPhases = (
				C98D36051A330B9A00D8B190 /* Sources */,
				C98D36061A330B9A00D8B190 /* Frameworks */,
				C98D36071A330B9A00D8B190 /* CopyFiles */,
			);
			buildRules = (
			);
			dependencies = (
			);
			name = noise_video;
			productName = noise_video;
			productReference = C98D36091A330B9A00D8B190 /* noise_video */;
			productType = "com.apple.product-type.tool";
		};
/* End PBXNativeTarget section */

/* Begin PBXProject section */
		C98D36011A330B9A00D8B190 /* Project object */ = {
			isa = PBXProject;
			attributes = {
				LastUpgradeCheck = 0510;
				ORGANIZATIONNAME = "___FULLUSERNAME___";
			};
			buildConfigurationList = C98D36041A330B9A00D8B190 /* Build configuration list for PBXProject "noise_video" */;
			compatibilityVersion = "Xcode 3.2";
			developmentRegion = English;
			hasScannedForEncodings = 0;
			knownRegions = (
				en,
			);
			mainGroup = C98D36001A330B9A00D8B190;
			productRefGroup = C98D360A1A330B9A00D8B190 /* Products */;
			projectDirPath = "";
			projectRoot = "";
			targets = (
				C98D36081A330B9A00D8B190 /* noise_video */,
			);
		};
/* End PBXProject section */

/* Begin PBXSourcesBuildPhase section */
		C98D36051A330B9A00D8B190 /* Sources */ = {
			isa = PBXSourcesBuildPhase;
			buildActionMask = 2147483647;
			files = (
				C98D360D1A330B9A00D8B190 /* main.cpp in Sources */,
			);
			runOnlyForDeploymentPostprocessing = 0;
		};
/* End PBXSourcesBuildPhase section */

/* Begin XCBuildConfiguration section */
		C98D36101A330B9A00D8B190 /* Debug */ = {
			isa = XCBuildConfiguration;
			buildSettings = {
				ALWAYS_SEARCH_USER_PATHS = NO;
				CLANG_CXX_LANGUAGE_STANDARD = "gnu++0x";
				CLANG_CXX_LIBRARY = "libc++";
				CLANG_ENABLE_MODULES = YES;
				CLANG_ENABLE_OBJC_ARC = YES;
				CLANG_WARN_BOOL_CONVERSION = YES;
				CLANG_WARN_CONSTANT_CONVERSION = YES;
				CLANG_WARN_DIRECT_OBJC_ISA_USAGE = YES_ERROR;
				CLANG_WARN_EMPTY_BODY = YES;
				CLANG_WARN_ENUM_CONVERSION = YES;
				CLANG_WARN_INT_CONVERSION = YES;
				CLANG_WARN_OBJC_ROOT_CLASS = YES_ERROR;
				CLANG_WARN__DUPLICATE_METHOD_MATCH = YES;
				COPY_PHASE_STRIP = NO;
				GCC_C_LANGUAGE_STANDARD = gnu99;
				GCC_DYNAMIC_NO_PIC = NO;
				GCC_ENABLE_OBJC_EXCEPTIONS = YES;
				GCC_OPTIMIZATION_LEVEL = 0;
				GCC_PREPROCESSOR_DEFINITIONS = (
					"DEBUG=1",
					"$(inherited)",
				);
				GCC_SYMBOLS_PRIVATE_EXTERN = NO;
				GCC_WARN_64_TO_32_BIT_CONVERSION = YES;
				GCC_WARN_ABOUT_RETURN_TYPE = YES_ERROR;
				GCC_WARN_UNDECLARED_SELECTOR = YES;
				GCC_WARN_UNINITIALIZED_AUTOS = YES_AGGRESSIVE;
				GCC_WARN_UNUSED_FUNCTION = YES;
				GCC_WARN_UNUSED_VARIABLE = YES;
				MACOSX_DEPLOYMENT_TARGET = 10.8;
				ONLY_ACTIVE_ARCH = YES;
				SDKROOT = macosx;
			};
			name = Debug;
		};
		C98D36111A330B9A00D8B190 /* Release */ = {
			isa = XCBuildConfiguration;
			buildSettings = {
				ALWAYS_SEARCH_USER_PATHS = NO;
				CLANG_CXX_LANGUAGE_STANDARD = "gnu++0x";
				CLANG_CXX_LIBRARY = "libc++";
				CLANG_ENABLE_MODULES = YES;
				CLANG_ENABLE_OBJC_ARC = YES;
				CLANG_WARN_BOOL_CONVERSION = YES;
				CLANG_WARN_CONSTANT_CONVERSION = YES;
				CLANG_WARN_DIRECT_OBJC_ISA_USAGE = YES_ERROR;
				CLANG_WARN_EMPTY_BODY = YES;
				CLANG_WARN_ENUM_CONVERSION = YES;
				CLANG_WARN_INT_CONVERSION = YES;
				CLANG_WARN_OBJC_ROOT_CLASS = YES_ERROR;
				CLANG_WARN__DUPLICATE_METHOD_MATCH = YES;
				COPY_PHASE_STRIP = YES;
				DEBUG_INFORMATION_FORMAT = "dwarf-with-dsym";
				ENABLE_NS_ASSERTIONS = NO;
				GCC_C_LANGUAGE_STANDARD = gnu99;
				GCC_ENABLE_OBJC_EXCEPTIONS = YES;
				GCC_WARN_64_TO_32_BIT_CONVERSION = YES;
				GCC_WARN_ABOUT_RETURN_TYPE = YES_ERROR;
				GCC_WARN_UNDECLARED_SELECTOR = YES;
				GCC_WARN_UNINITIALIZED_AUTOS = YES_AGGRESSIVE;
				GCC_WARN_UNUSED_FUNCTION = YES;
				GCC_WARN_UNUSED_VARIABLE = YES;
				MACOSX_DEPLOYMENT_TARGET = 10.8;
				SDKROOT = macosx;
			};
			name = Release;
		};
		C98D36131A330B9A00D8B190 /* Debug */ = {
			isa = XCBuildConfiguration;
			buildSettings = {
				PRODUCT_NAME = "$(TARGET_NAME)";
			};
			name = Debug;
		};
		C98D36141A330B9A00D8B190 /* Release */ = {
			isa = XCBuildConfiguration;
			buildSettings = {
				PRODUCT_NAME = "$(TARGET_NAME)";
			};
			name = Release;
		};
/* End XCBuildConfiguration section */

/* Begin XCConfigurationList section */
		C98D36041A330B9A00D8B190 /* Build configuration list for PBXProject "noise_video" */ = {
			isa = XCConfigurationList;
			buildConfigurations = (
				C98D36101A330B9A00D8B190 /* Debug */,
				C98D36111A330B9A00D8B190 /* Release */,
			);
			defaultConfigurationIsVisible = 0;
			defaultConfigurationName = Release;
		};
		C98D36121A330B9A00D8B190 /* Build configuration list for PBXNativeTarget "noise_video" */ = {
			isa = XCConfigurationList;
			buildConfigurations = (
				C98D36131A330B9A00D8B190 /* Debug */,
				C98D36141A330B9A00D8B190 /* Release */,
			);
			defaultConfigurationIsVisible = 0;
		};
/* End XCConfigurationList section */
	};
	rootObject = C98D36011A330B9A00D8B190 /* Project object */;
}
